github.com/Shegox/go-private-test v0.0.0-20210802110600-1202f336bfdd h1:h89j/zCnmZXAcRbZxtPwD4baJEHZmKfAgYaDndIqdHc=
github.com/Shegox/go-private-test v0.0.0-20210802110600-1202f336bfdd/go.mod h1:00tx5hNFtTFhqfKFZqGUrPS6tSqQ/JGvhBTKAGGjZtk=
github.com/tobias-test-org/private-go v0.0.0-20211027103528-3ea57d48691b h1:Dq43MUqajpby1ad9YNBQ4Xsdm62o/nT3GUWUQ0nGJ1M=
github.com/tobias-test-org/private-go v0.0.0-20211027103528-3ea57d48691b/go.mod h1:Dc2oNdSXfjtab3MHy8jP5eDdPz6mBjBupAcs7z3stOY=
